
Microsoft Visual Studio Solution File, Format Version 12.00
# Visual Studio 15
VisualStudioVersion = 15.0.26228.9
MinimumVisualStudioVersion = 10.0.40219.1
Project("{FAE04EC0-301F-11D3-BF4B-00C04F79EFBC}") = "DraftEngine", "DraftEngine\DraftEngine.csproj", "{E9CF782D-5437-450A-8D54-41F27191839E}"
EndProject
Project("{FAE04EC0-301F-11D3-BF4B-00C04F79EFBC}") = "DrafterClient", "DrafterClient\DrafterClient.csproj", "{E7A33296-E935-48E3-9503-D5E331EBFD2A}"
EndProject
Project("{FAE04EC0-301F-11D3-BF4B-00C04F79EFBC}") = "DraftEngine.UI", "DraftEngine.UI\DraftEngine.UI.csproj", "{C0054BBF-C876-4C85-B70C-79F8FE56942E}"
EndProject
Global
	GlobalSection(SolutionConfigurationPlatforms) = preSolution
		Debug|Any CPU = Debug|Any CPU
		Release|Any CPU = Release|Any CPU
	EndGlobalSection
	GlobalSection(ProjectConfigurationPlatforms) = postSolution
		{E9CF782D-5437-450A-8D54-41F27191839E}.Debug|Any CPU.ActiveCfg = Debug|Any CPU
		{E9CF782D-5437-450A-8D54-41F27191839E}.Debug|Any CPU.Build.0 = Debug|Any CPU
		{E9CF782D-5437-450A-8D54-41F27191839E}.Release|Any CPU.ActiveCfg = Release|Any CPU
		{E9CF782D-5437-450A-8D54-41F27191839E}.Release|Any CPU.Build.0 = Release|Any CPU
		{E7A33296-E935-48E3-9503-D5E331EBFD2A}.Debug|Any CPU.ActiveCfg = Debug|Any CPU
		{E7A33296-E935-48E3-9503-D5E331EBFD2A}.Debug|Any CPU.Build.0 = Debug|Any CPU
		{E7A33296-E935-48E3-9503-D5E331EBFD2A}.Release|Any CPU.ActiveCfg = Release|Any CPU
		{E7A33296-E935-48E3-9503-D5E331EBFD2A}.Release|Any CPU.Build.0 = Release|Any CPU
		{C0054BBF-C876-4C85-B70C-79F8FE56942E}.Debug|Any CPU.ActiveCfg = Debug|Any CPU
		{C0054BBF-C876-4C85-B70C-79F8FE56942E}.Debug|Any CPU.Build.0 = Debug|Any CPU
		{C0054BBF-C876-4C85-B70C-79F8FE56942E}.Release|Any CPU.ActiveCfg = Release|Any CPU
		{C0054BBF-C876-4C85-B70C-79F8FE56942E}.Release|Any CPU.Build.0 = Release|Any CPU
	EndGlobalSection
	GlobalSection(SolutionProperties) = preSolution
		HideSolutionNode = FALSE
	EndGlobalSection
EndGlobal
